
Microsoft Visual Studio Solution File, Format Version 12.00
# Visual Studio Version 16
VisualStudioVersion = 16.0.30517.126
MinimumVisualStudioVersion = 10.0.40219.1
Project("{FAE04EC0-301F-11D3-BF4B-00C04F79EFBC}") = "StudentApplication", "StudentApplication\StudentApplication.csproj", "{611B5620-03B9-4446-9C9F-4063C31AAB1C}"
EndProject
Global
	GlobalSection(SolutionConfigurationPlatforms) = preSolution
		Debug|Any CPU = Debug|Any CPU
		Release|Any CPU = Release|Any CPU
	EndGlobalSection
	GlobalSection(ProjectConfigurationPlatforms) = postSolution
		{611B5620-03B9-4446-9C9F-4063C31AAB1C}.Debug|Any CPU.ActiveCfg = Debug|Any CPU
		{611B5620-03B9-4446-9C9F-4063C31AAB1C}.Debug|Any CPU.Build.0 = Debug|Any CPU
		{611B5620-03B9-4446-9C9F-4063C31AAB1C}.Release|Any CPU.ActiveCfg = Release|Any CPU
		{611B5620-03B9-4446-9C9F-4063C31AAB1C}.Release|Any CPU.Build.0 = Release|Any CPU
	EndGlobalSection
	GlobalSection(SolutionProperties) = preSolution
		HideSolutionNode = FALSE
	EndGlobalSection
	GlobalSection(ExtensibilityGlobals) = postSolution
		SolutionGuid = {7039B1F2-FDE4-443A-A03E-CDB13F656F48}
	EndGlobalSection
EndGlobal
